
Microsoft Visual Studio Solution File, Format Version 12.00
# Visual Studio Version 16
VisualStudioVersion = 16.0.29519.181
MinimumVisualStudioVersion = 10.0.40219.1
Project("{FAE04EC0-301F-11D3-BF4B-00C04F79EFBC}") = "WindowsFormsApp", "WindowsFormsApp\WindowsFormsApp.csproj", "{EE6574D5-0001-4389-B184-567712F9FC4B}"
EndProject
Global
	GlobalSection(SolutionConfigurationPlatforms) = preSolution
		Debug|Any CPU = Debug|Any CPU
		Release|Any CPU = Release|Any CPU
	EndGlobalSection
	GlobalSection(ProjectConfigurationPlatforms) = postSolution
		{EE6574D5-0001-4389-B184-567712F9FC4B}.Debug|Any CPU.ActiveCfg = Debug|Any CPU
		{EE6574D5-0001-4389-B184-567712F9FC4B}.Debug|Any CPU.Build.0 = Debug|Any CPU
		{EE6574D5-0001-4389-B184-567712F9FC4B}.Release|Any CPU.ActiveCfg = Release|Any CPU
		{EE6574D5-0001-4389-B184-567712F9FC4B}.Release|Any CPU.Build.0 = Release|Any CPU
	EndGlobalSection
	GlobalSection(SolutionProperties) = preSolution
		HideSolutionNode = FALSE
	EndGlobalSection
	GlobalSection(ExtensibilityGlobals) = postSolution
		SolutionGuid = {239AEA7E-764D-4BFD-B291-051F8A39994A}
	EndGlobalSection
EndGlobal
